outputFile.txt
summary.py
output/f.txt
output/b.txt
output/d.txt
output/c.txt
output/e.txt
output/a.txt
output/g.txt
data/e.data
writeOutput.py
data/b.data
writeOutput.py
data/d.data
writeOutput.py
data/c.data
writeOutput.py
data/g.data
writeOutput.py
data/a.data
writeOutput.py
data/f.data
writeOutput.py
